
Microsoft Visual Studio Solution File, Format Version 12.00
# Visual Studio Version 16
VisualStudioVersion = 16.0.31702.278
MinimumVisualStudioVersion = 10.0.40219.1
Project("{FAE04EC0-301F-11D3-BF4B-00C04F79EFBC}") = "Calculator", "Calculator\Calculator.csproj", "{C9655931-DD31-49F8-B785-665AE1B27503}"
EndProject
Global
	GlobalSection(SolutionConfigurationPlatforms) = preSolution
		Debug|Any CPU = Debug|Any CPU
		Release|Any CPU = Release|Any CPU
	EndGlobalSection
	GlobalSection(ProjectConfigurationPlatforms) = postSolution
		{C9655931-DD31-49F8-B785-665AE1B27503}.Debug|Any CPU.ActiveCfg = Debug|Any CPU
		{C9655931-DD31-49F8-B785-665AE1B27503}.Debug|Any CPU.Build.0 = Debug|Any CPU
		{C9655931-DD31-49F8-B785-665AE1B27503}.Release|Any CPU.ActiveCfg = Release|Any CPU
		{C9655931-DD31-49F8-B785-665AE1B27503}.Release|Any CPU.Build.0 = Release|Any CPU
	EndGlobalSection
	GlobalSection(SolutionProperties) = preSolution
		HideSolutionNode = FALSE
	EndGlobalSection
	GlobalSection(ExtensibilityGlobals) = postSolution
		SolutionGuid = {F55DC592-3B53-4226-A316-3D82AB25486A}
	EndGlobalSection
EndGlobal
